
Microsoft Visual Studio Solution File, Format Version 12.00
# Visual Studio 15
VisualStudioVersion = 15.0.28307.902
MinimumVisualStudioVersion = 10.0.40219.1
Project("{FAE04EC0-301F-11D3-BF4B-00C04F79EFBC}") = "SerilogApp", "SerilogApp\SerilogApp.csproj", "{75F46E4D-37E8-4C63-A6DD-BB3AFD8E1004}"
EndProject
Project("{FAE04EC0-301F-11D3-BF4B-00C04F79EFBC}") = "ConsoleApp2", "ConsoleApp2\ConsoleApp2.csproj", "{D21A90C6-00DD-4548-9F6F-C2EAF0244AD1}"
EndProject
Global
	GlobalSection(SolutionConfigurationPlatforms) = preSolution
		Debug|Any CPU = Debug|Any CPU
		Release|Any CPU = Release|Any CPU
	EndGlobalSection
	GlobalSection(ProjectConfigurationPlatforms) = postSolution
		{75F46E4D-37E8-4C63-A6DD-BB3AFD8E1004}.Debug|Any CPU.ActiveCfg = Debug|Any CPU
		{75F46E4D-37E8-4C63-A6DD-BB3AFD8E1004}.Debug|Any CPU.Build.0 = Debug|Any CPU
		{75F46E4D-37E8-4C63-A6DD-BB3AFD8E1004}.Release|Any CPU.ActiveCfg = Release|Any CPU
		{75F46E4D-37E8-4C63-A6DD-BB3AFD8E1004}.Release|Any CPU.Build.0 = Release|Any CPU
		{D21A90C6-00DD-4548-9F6F-C2EAF0244AD1}.Debug|Any CPU.ActiveCfg = Debug|Any CPU
		{D21A90C6-00DD-4548-9F6F-C2EAF0244AD1}.Debug|Any CPU.Build.0 = Debug|Any CPU
		{D21A90C6-00DD-4548-9F6F-C2EAF0244AD1}.Release|Any CPU.ActiveCfg = Release|Any CPU
		{D21A90C6-00DD-4548-9F6F-C2EAF0244AD1}.Release|Any CPU.Build.0 = Release|Any CPU
	EndGlobalSection
	GlobalSection(SolutionProperties) = preSolution
		HideSolutionNode = FALSE
	EndGlobalSection
	GlobalSection(ExtensibilityGlobals) = postSolution
		SolutionGuid = {1A122087-0D92-4223-BD6B-CE1CC7186463}
	EndGlobalSection
EndGlobal
